{
  "version": "4",
  "specifiers": {
    "jsr:@blackberry/bcrypt@0.17": "0.17.0",
    "jsr:@blckbrry/polywasm@~0.1.4": "0.1.4",
    "jsr:@denosaurs/lz4@0.1.4": "0.1.4",
    "jsr:@std/encoding@0.221": "0.221.0"
  },
  "jsr": {
    "@blackberry/bcrypt@0.17.0": {
      "integrity": "6faec1140f29cf3af7e804727cb2a19cb4cf6e4c5b4d15544e92e319b09b4091",
      "dependencies": [
        "jsr:@blckbrry/polywasm",
        "jsr:@denosaurs/lz4",
        "jsr:@std/encoding"
      ]
    },
    "@blckbrry/polywasm@0.1.4": {
      "integrity": "5fac34b3dc13dc57c8feef337f81cd690b7f27d2058cb9cc7b454743beec9495"
    },
    "@denosaurs/lz4@0.1.4": {
      "integrity": "ad5d556c02eb01fe1e0f2e953d7be066a14870afe149b1aed1ced019460f6aa1"
    },
    "@std/encoding@0.221.0": {
      "integrity": "d1dd76ef0dc5d14088411e6dc1dede53bf8308c95d1537df1214c97137208e45"
    }
  },
  "workspace": {
    "dependencies": [
      "jsr:@blackberry/bcrypt@0.17"
    ]
  }
}
